// !$*UTF8*$!
{
	archiveVersion = 1;
	classes = {
	};
	objectVersion = 50;
	objects = {

/* Begin PBXBuildFile section */
		BF19797A22863D1E00C16159 /* AppDelegate.swift in Sources */ = {isa = PBXBuildFile; fileRef = BF19797922863D1E00C16159 /* AppDelegate.swift */; };
		BF19797C22863D1E00C16159 /* ViewController.swift in Sources */ = {isa = PBXBuildFile; fileRef = BF19797B22863D1E00C16159 /* ViewController.swift */; };
		BF19798222863D1E00C16159 /* timerr.xcdatamodeld in Sources */ = {isa = PBXBuildFile; fileRef = BF19798022863D1E00C16159 /* timerr.xcdatamodeld */; };
		BF19798422863D1F00C16159 /* Assets.xcassets in Resources */ = {isa = PBXBuildFile; fileRef = BF19798322863D1F00C16159 /* Assets.xcassets */; };
		BF19798722863D1F00C16159 /* LaunchScreen.storyboard in Resources */ = {isa = PBXBuildFile; fileRef = BF19798522863D1F00C16159 /* LaunchScreen.storyboard */; };
		BF1979982286408800C16159 /* AppEntryController.swift in Sources */ = {isa = PBXBuildFile; fileRef = BF1979972286408800C16159 /* AppEntryController.swift */; };
		BF19799A2286417000C16159 /* AppEntryView.swift in Sources */ = {isa = PBXBuildFile; fileRef = BF1979992286417000C16159 /* AppEntryView.swift */; };
		BF19799E228645A800C16159 /* Font.swift in Sources */ = {isa = PBXBuildFile; fileRef = BF19799D228645A800C16159 /* Font.swift */; };
		BF1979A02286546300C16159 /* Color.swift in Sources */ = {isa = PBXBuildFile; fileRef = BF19799F2286546300C16159 /* Color.swift */; };
		BF1979A322875D5D00C16159 /* AppStyle.swift in Sources */ = {isa = PBXBuildFile; fileRef = BF1979A222875D5D00C16159 /* AppStyle.swift */; };
		BF1979A722876C4200C16159 /* ScreenProto.swift in Sources */ = {isa = PBXBuildFile; fileRef = BF1979A622876C4200C16159 /* ScreenProto.swift */; };
		BF1979AB22877B8E00C16159 /* AppController.swift in Sources */ = {isa = PBXBuildFile; fileRef = BF1979AA22877B8E00C16159 /* AppController.swift */; };
		BF1979AD2287BEEB00C16159 /* ScreenControllerProtocol.swift in Sources */ = {isa = PBXBuildFile; fileRef = BF1979AC2287BEEB00C16159 /* ScreenControllerProtocol.swift */; };
		BF1979AF2287C64B00C16159 /* AppView.swift in Sources */ = {isa = PBXBuildFile; fileRef = BF1979AE2287C64B00C16159 /* AppView.swift */; };
		BF1979B12287C95500C16159 /* TimePicker.swift in Sources */ = {isa = PBXBuildFile; fileRef = BF1979B02287C95500C16159 /* TimePicker.swift */; };
/* End PBXBuildFile section */

/* Begin PBXFileReference section */
		BF19797622863D1E00C16159 /* timerr.app */ = {isa = PBXFileReference; explicitFileType = wrapper.application; includeInIndex = 0; path = timerr.app; sourceTree = BUILT_PRODUCTS_DIR; };
		BF19797922863D1E00C16159 /* AppDelegate.swift */ = {isa = PBXFileReference; lastKnownFileType = sourcecode.swift; path = AppDelegate.swift; sourceTree = "<group>"; };
		BF19797B22863D1E00C16159 /* ViewController.swift */ = {isa = PBXFileReference; lastKnownFileType = sourcecode.swift; path = ViewController.swift; sourceTree = "<group>"; };
		BF19798122863D1E00C16159 /* timerr.xcdatamodel */ = {isa = PBXFileReference; lastKnownFileType = wrapper.xcdatamodel; path = timerr.xcdatamodel; sourceTree = "<group>"; };
		BF19798322863D1F00C16159 /* Assets.xcassets */ = {isa = PBXFileReference; lastKnownFileType = folder.assetcatalog; path = Assets.xcassets; sourceTree = "<group>"; };
		BF19798622863D1F00C16159 /* Base */ = {isa = PBXFileReference; lastKnownFileType = file.storyboard; name = Base; path = Base.lproj/LaunchScreen.storyboard; sourceTree = "<group>"; };
		BF19798822863D1F00C16159 /* Info.plist */ = {isa = PBXFileReference; lastKnownFileType = text.plist.xml; path = Info.plist; sourceTree = "<group>"; };
		BF1979972286408800C16159 /* AppEntryController.swift */ = {isa = PBXFileReference; lastKnownFileType = sourcecode.swift; path = AppEntryController.swift; sourceTree = "<group>"; };
		BF1979992286417000C16159 /* AppEntryView.swift */ = {isa = PBXFileReference; lastKnownFileType = sourcecode.swift; path = AppEntryView.swift; sourceTree = "<group>"; };
		BF19799D228645A800C16159 /* Font.swift */ = {isa = PBXFileReference; lastKnownFileType = sourcecode.swift; path = Font.swift; sourceTree = "<group>"; };
		BF19799F2286546300C16159 /* Color.swift */ = {isa = PBXFileReference; lastKnownFileType = sourcecode.swift; path = Color.swift; sourceTree = "<group>"; };
		BF1979A222875D5D00C16159 /* AppStyle.swift */ = {isa = PBXFileReference; lastKnownFileType = sourcecode.swift; path = AppStyle.swift; sourceTree = "<group>"; };
		BF1979A622876C4200C16159 /* ScreenProto.swift */ = {isa = PBXFileReference; lastKnownFileType = sourcecode.swift; path = ScreenProto.swift; sourceTree = "<group>"; };
		BF1979AA22877B8E00C16159 /* AppController.swift */ = {isa = PBXFileReference; lastKnownFileType = sourcecode.swift; path = AppController.swift; sourceTree = "<group>"; };
		BF1979AC2287BEEB00C16159 /* ScreenControllerProtocol.swift */ = {isa = PBXFileReference; lastKnownFileType = sourcecode.swift; path = ScreenControllerProtocol.swift; sourceTree = "<group>"; };
		BF1979AE2287C64B00C16159 /* AppView.swift */ = {isa = PBXFileReference; lastKnownFileType = sourcecode.swift; path = AppView.swift; sourceTree = "<group>"; };
		BF1979B02287C95500C16159 /* TimePicker.swift */ = {isa = PBXFileReference; lastKnownFileType = sourcecode.swift; path = TimePicker.swift; sourceTree = "<group>"; };
/* End PBXFileReference section */

/* Begin PBXFrameworksBuildPhase section */
		BF19797322863D1E00C16159 /* Frameworks */ = {
			isa = PBXFrameworksBuildPhase;
			buildActionMask = 2147483647;
			files = (
			);
			runOnlyForDeploymentPostprocessing = 0;
		};
/* End PBXFrameworksBuildPhase section */

/* Begin PBXGroup section */
		BF19796D22863D1E00C16159 = {
			isa = PBXGroup;
			children = (
				BF19797822863D1E00C16159 /* timerr */,
				BF19797722863D1E00C16159 /* Products */,
			);
			sourceTree = "<group>";
		};
		BF19797722863D1E00C16159 /* Products */ = {
			isa = PBXGroup;
			children = (
				BF19797622863D1E00C16159 /* timerr.app */,
			);
			name = Products;
			sourceTree = "<group>";
		};
		BF19797822863D1E00C16159 /* timerr */ = {
			isa = PBXGroup;
			children = (
				BF19798E22863D6D00C16159 /* src */,
				BF19797922863D1E00C16159 /* AppDelegate.swift */,
				BF19797B22863D1E00C16159 /* ViewController.swift */,
				BF19798322863D1F00C16159 /* Assets.xcassets */,
				BF19798522863D1F00C16159 /* LaunchScreen.storyboard */,
				BF19798822863D1F00C16159 /* Info.plist */,
				BF19798022863D1E00C16159 /* timerr.xcdatamodeld */,
			);
			path = timerr;
			sourceTree = "<group>";
		};
		BF19798E22863D6D00C16159 /* src */ = {
			isa = PBXGroup;
			children = (
				BF19799622863E9F00C16159 /* Extensions */,
				BF19799522863E8D00C16159 /* Config */,
				BF19799422863E7A00C16159 /* Models */,
				BF19799322863E6C00C16159 /* Services */,
				BF19799222863E2000C16159 /* Controllers */,
				BF19798F22863DE100C16159 /* Views */,
			);
			path = src;
			sourceTree = "<group>";
		};
		BF19798F22863DE100C16159 /* Views */ = {
			isa = PBXGroup;
			children = (
				BF19799122863E1200C16159 /* Screens */,
				BF19799022863E0000C16159 /* Partials */,
			);
			path = Views;
			sourceTree = "<group>";
		};
		BF19799022863E0000C16159 /* Partials */ = {
			isa = PBXGroup;
			children = (
				BF1979B02287C95500C16159 /* TimePicker.swift */,
			);
			path = Partials;
			sourceTree = "<group>";
		};
		BF19799122863E1200C16159 /* Screens */ = {
			isa = PBXGroup;
			children = (
				BF1979992286417000C16159 /* AppEntryView.swift */,
				BF1979A622876C4200C16159 /* ScreenProto.swift */,
				BF1979AE2287C64B00C16159 /* AppView.swift */,
			);
			path = Screens;
			sourceTree = "<group>";
		};
		BF19799222863E2000C16159 /* Controllers */ = {
			isa = PBXGroup;
			children = (
				BF1979972286408800C16159 /* AppEntryController.swift */,
				BF1979AA22877B8E00C16159 /* AppController.swift */,
				BF1979AC2287BEEB00C16159 /* ScreenControllerProtocol.swift */,
			);
			path = Controllers;
			sourceTree = "<group>";
		};
		BF19799322863E6C00C16159 /* Services */ = {
			isa = PBXGroup;
			children = (
			);
			path = Services;
			sourceTree = "<group>";
		};
		BF19799422863E7A00C16159 /* Models */ = {
			isa = PBXGroup;
			children = (
			);
			path = Models;
			sourceTree = "<group>";
		};
		BF19799522863E8D00C16159 /* Config */ = {
			isa = PBXGroup;
			children = (
				BF1979A12287587C00C16159 /* Styles */,
			);
			path = Config;
			sourceTree = "<group>";
		};
		BF19799622863E9F00C16159 /* Extensions */ = {
			isa = PBXGroup;
			children = (
			);
			path = Extensions;
			sourceTree = "<group>";
		};
		BF1979A12287587C00C16159 /* Styles */ = {
			isa = PBXGroup;
			children = (
				BF19799D228645A800C16159 /* Font.swift */,
				BF19799F2286546300C16159 /* Color.swift */,
				BF1979A222875D5D00C16159 /* AppStyle.swift */,
			);
			path = Styles;
			sourceTree = "<group>";
		};
/* End PBXGroup section */

/* Begin PBXNativeTarget section */
		BF19797522863D1E00C16159 /* timerr */ = {
			isa = PBXNativeTarget;
			buildConfigurationList = BF19798B22863D1F00C16159 /* Build configuration list for PBXNativeTarget "timerr" */;
			buildPhases = (
				BF19797222863D1E00C16159 /* Sources */,
				BF19797322863D1E00C16159 /* Frameworks */,
				BF19797422863D1E00C16159 /* Resources */,
			);
			buildRules = (
			);
			dependencies = (
			);
			name = timerr;
			productName = timerr;
			productReference = BF19797622863D1E00C16159 /* timerr.app */;
			productType = "com.apple.product-type.application";
		};
/* End PBXNativeTarget section */

/* Begin PBXProject section */
		BF19796E22863D1E00C16159 /* Project object */ = {
			isa = PBXProject;
			attributes = {
				LastSwiftUpdateCheck = 1020;
				LastUpgradeCheck = 1020;
				ORGANIZATIONNAME = "Jimmy Brannon";
				TargetAttributes = {
					BF19797522863D1E00C16159 = {
						CreatedOnToolsVersion = 10.2.1;
					};
				};
			};
			buildConfigurationList = BF19797122863D1E00C16159 /* Build configuration list for PBXProject "timerr" */;
			compatibilityVersion = "Xcode 9.3";
			developmentRegion = en;
			hasScannedForEncodings = 0;
			knownRegions = (
				en,
				Base,
			);
			mainGroup = BF19796D22863D1E00C16159;
			productRefGroup = BF19797722863D1E00C16159 /* Products */;
			projectDirPath = "";
			projectRoot = "";
			targets = (
				BF19797522863D1E00C16159 /* timerr */,
			);
		};
/* End PBXProject section */

/* Begin PBXResourcesBuildPhase section */
		BF19797422863D1E00C16159 /* Resources */ = {
			isa = PBXResourcesBuildPhase;
			buildActionMask = 2147483647;
			files = (
				BF19798722863D1F00C16159 /* LaunchScreen.storyboard in Resources */,
				BF19798422863D1F00C16159 /* Assets.xcassets in Resources */,
			);
			runOnlyForDeploymentPostprocessing = 0;
		};
/* End PBXResourcesBuildPhase section */

/* Begin PBXSourcesBuildPhase section */
		BF19797222863D1E00C16159 /* Sources */ = {
			isa = PBXSourcesBuildPhase;
			buildActionMask = 2147483647;
			files = (
				BF19797C22863D1E00C16159 /* ViewController.swift in Sources */,
				BF1979982286408800C16159 /* AppEntryController.swift in Sources */,
				BF19798222863D1E00C16159 /* timerr.xcdatamodeld in Sources */,
				BF1979A722876C4200C16159 /* ScreenProto.swift in Sources */,
				BF1979A322875D5D00C16159 /* AppStyle.swift in Sources */,
				BF1979A02286546300C16159 /* Color.swift in Sources */,
				BF1979AB22877B8E00C16159 /* AppController.swift in Sources */,
				BF1979AD2287BEEB00C16159 /* ScreenControllerProtocol.swift in Sources */,
				BF1979AF2287C64B00C16159 /* AppView.swift in Sources */,
				BF19797A22863D1E00C16159 /* AppDelegate.swift in Sources */,
				BF1979B12287C95500C16159 /* TimePicker.swift in Sources */,
				BF19799A2286417000C16159 /* AppEntryView.swift in Sources */,
				BF19799E228645A800C16159 /* Font.swift in Sources */,
			);
			runOnlyForDeploymentPostprocessing = 0;
		};
/* End PBXSourcesBuildPhase section */

/* Begin PBXVariantGroup section */
		BF19798522863D1F00C16159 /* LaunchScreen.storyboard */ = {
			isa = PBXVariantGroup;
			children = (
				BF19798622863D1F00C16159 /* Base */,
			);
			name = LaunchScreen.storyboard;
			sourceTree = "<group>";
		};
/* End PBXVariantGroup section */

/* Begin XCBuildConfiguration section */
		BF19798922863D1F00C16159 /* Debug */ = {
			isa = XCBuildConfiguration;
			buildSettings = {
				ALWAYS_SEARCH_USER_PATHS = NO;
				CLANG_ANALYZER_NONNULL = YES;
				CLANG_ANALYZER_NUMBER_OBJECT_CONVERSION = YES_AGGRESSIVE;
				CLANG_CXX_LANGUAGE_STANDARD = "gnu++14";
				CLANG_CXX_LIBRARY = "libc++";
				CLANG_ENABLE_MODULES = YES;
				CLANG_ENABLE_OBJC_ARC = YES;
				CLANG_ENABLE_OBJC_WEAK = YES;
				CLANG_WARN_BLOCK_CAPTURE_AUTORELEASING = YES;
				CLANG_WARN_BOOL_CONVERSION = YES;
				CLANG_WARN_COMMA = YES;
				CLANG_WARN_CONSTANT_CONVERSION = YES;
				CLANG_WARN_DEPRECATED_OBJC_IMPLEMENTATIONS = YES;
				CLANG_WARN_DIRECT_OBJC_ISA_USAGE = YES_ERROR;
				CLANG_WARN_DOCUMENTATION_COMMENTS = YES;
				CLANG_WARN_EMPTY_BODY = YES;
				CLANG_WARN_ENUM_CONVERSION = YES;
				CLANG_WARN_INFINITE_RECURSION = YES;
				CLANG_WARN_INT_CONVERSION = YES;
				CLANG_WARN_NON_LITERAL_NULL_CONVERSION = YES;
				CLANG_WARN_OBJC_IMPLICIT_RETAIN_SELF = YES;
				CLANG_WARN_OBJC_LITERAL_CONVERSION = YES;
				CLANG_WARN_OBJC_ROOT_CLASS = YES_ERROR;
				CLANG_WARN_RANGE_LOOP_ANALYSIS = YES;
				CLANG_WARN_STRICT_PROTOTYPES = YES;
				CLANG_WARN_SUSPICIOUS_MOVE = YES;
				CLANG_WARN_UNGUARDED_AVAILABILITY = YES_AGGRESSIVE;
				CLANG_WARN_UNREACHABLE_CODE = YES;
				CLANG_WARN__DUPLICATE_METHOD_MATCH = YES;
				CODE_SIGN_IDENTITY = "iPhone Developer";
				COPY_PHASE_STRIP = NO;
				DEBUG_INFORMATION_FORMAT = dwarf;
				ENABLE_STRICT_OBJC_MSGSEND = YES;
				ENABLE_TESTABILITY = YES;
				GCC_C_LANGUAGE_STANDARD = gnu11;
				GCC_DYNAMIC_NO_PIC = NO;
				GCC_NO_COMMON_BLOCKS = YES;
				GCC_OPTIMIZATION_LEVEL = 0;
				GCC_PREPROCESSOR_DEFINITIONS = (
					"DEBUG=1",
					"$(inherited)",
				);
				GCC_WARN_64_TO_32_BIT_CONVERSION = YES;
				GCC_WARN_ABOUT_RETURN_TYPE = YES_ERROR;
				GCC_WARN_UNDECLARED_SELECTOR = YES;
				GCC_WARN_UNINITIALIZED_AUTOS = YES_AGGRESSIVE;
				GCC_WARN_UNUSED_FUNCTION = YES;
				GCC_WARN_UNUSED_VARIABLE = YES;
				IPHONEOS_DEPLOYMENT_TARGET = 12.2;
				MTL_ENABLE_DEBUG_INFO = INCLUDE_SOURCE;
				MTL_FAST_MATH = YES;
				ONLY_ACTIVE_ARCH = YES;
				SDKROOT = iphoneos;
				SWIFT_ACTIVE_COMPILATION_CONDITIONS = DEBUG;
				SWIFT_OPTIMIZATION_LEVEL = "-Onone";
			};
			name = Debug;
		};
		BF19798A22863D1F00C16159 /* Release */ = {
			isa = XCBuildConfiguration;
			buildSettings = {
				ALWAYS_SEARCH_USER_PATHS = NO;
				CLANG_ANALYZER_NONNULL = YES;
				CLANG_ANALYZER_NUMBER_OBJECT_CONVERSION = YES_AGGRESSIVE;
				CLANG_CXX_LANGUAGE_STANDARD = "gnu++14";
				CLANG_CXX_LIBRARY = "libc++";
				CLANG_ENABLE_MODULES = YES;
				CLANG_ENABLE_OBJC_ARC = YES;
				CLANG_ENABLE_OBJC_WEAK = YES;
				CLANG_WARN_BLOCK_CAPTURE_AUTORELEASING = YES;
				CLANG_WARN_BOOL_CONVERSION = YES;
				CLANG_WARN_COMMA = YES;
				CLANG_WARN_CONSTANT_CONVERSION = YES;
				CLANG_WARN_DEPRECATED_OBJC_IMPLEMENTATIONS = YES;
				CLANG_WARN_DIRECT_OBJC_ISA_USAGE = YES_ERROR;
				CLANG_WARN_DOCUMENTATION_COMMENTS = YES;
				CLANG_WARN_EMPTY_BODY = YES;
				CLANG_WARN_ENUM_CONVERSION = YES;
				CLANG_WARN_INFINITE_RECURSION = YES;
				CLANG_WARN_INT_CONVERSION = YES;
				CLANG_WARN_NON_LITERAL_NULL_CONVERSION = YES;
				CLANG_WARN_OBJC_IMPLICIT_RETAIN_SELF = YES;
				CLANG_WARN_OBJC_LITERAL_CONVERSION = YES;
				CLANG_WARN_OBJC_ROOT_CLASS = YES_ERROR;
				CLANG_WARN_RANGE_LOOP_ANALYSIS = YES;
				CLANG_WARN_STRICT_PROTOTYPES = YES;
				CLANG_WARN_SUSPICIOUS_MOVE = YES;
				CLANG_WARN_UNGUARDED_AVAILABILITY = YES_AGGRESSIVE;
				CLANG_WARN_UNREACHABLE_CODE = YES;
				CLANG_WARN__DUPLICATE_METHOD_MATCH = YES;
				CODE_SIGN_IDENTITY = "iPhone Developer";
				COPY_PHASE_STRIP = NO;
				DEBUG_INFORMATION_FORMAT = "dwarf-with-dsym";
				ENABLE_NS_ASSERTIONS = NO;
				ENABLE_STRICT_OBJC_MSGSEND = YES;
				GCC_C_LANGUAGE_STANDARD = gnu11;
				GCC_NO_COMMON_BLOCKS = YES;
				GCC_WARN_64_TO_32_BIT_CONVERSION = YES;
				GCC_WARN_ABOUT_RETURN_TYPE = YES_ERROR;
				GCC_WARN_UNDECLARED_SELECTOR = YES;
				GCC_WARN_UNINITIALIZED_AUTOS = YES_AGGRESSIVE;
				GCC_WARN_UNUSED_FUNCTION = YES;
				GCC_WARN_UNUSED_VARIABLE = YES;
				IPHONEOS_DEPLOYMENT_TARGET = 12.2;
				MTL_ENABLE_DEBUG_INFO = NO;
				MTL_FAST_MATH = YES;
				SDKROOT = iphoneos;
				SWIFT_COMPILATION_MODE = wholemodule;
				SWIFT_OPTIMIZATION_LEVEL = "-O";
				VALIDATE_PRODUCT = YES;
			};
			name = Release;
		};
		BF19798C22863D1F00C16159 /* Debug */ = {
			isa = XCBuildConfiguration;
			buildSettings = {
				ASSETCATALOG_COMPILER_APPICON_NAME = AppIcon;
				CODE_SIGN_STYLE = Automatic;
				DEVELOPMENT_TEAM = T5KBBA554V;
				INFOPLIST_FILE = timerr/Info.plist;
				LD_RUNPATH_SEARCH_PATHS = (
					"$(inherited)",
					"@executable_path/Frameworks",
				);
				PRODUCT_BUNDLE_IDENTIFIER = com.jimmybrannon.timerr;
				PRODUCT_NAME = "$(TARGET_NAME)";
				SWIFT_VERSION = 5.0;
				TARGETED_DEVICE_FAMILY = "1,2";
			};
			name = Debug;
		};
		BF19798D22863D1F00C16159 /* Release */ = {
			isa = XCBuildConfiguration;
			buildSettings = {
				ASSETCATALOG_COMPILER_APPICON_NAME = AppIcon;
				CODE_SIGN_STYLE = Automatic;
				DEVELOPMENT_TEAM = T5KBBA554V;
				INFOPLIST_FILE = timerr/Info.plist;
				LD_RUNPATH_SEARCH_PATHS = (
					"$(inherited)",
					"@executable_path/Frameworks",
				);
				PRODUCT_BUNDLE_IDENTIFIER = com.jimmybrannon.timerr;
				PRODUCT_NAME = "$(TARGET_NAME)";
				SWIFT_VERSION = 5.0;
				TARGETED_DEVICE_FAMILY = "1,2";
			};
			name = Release;
		};
/* End XCBuildConfiguration section */

/* Begin XCConfigurationList section */
		BF19797122863D1E00C16159 /* Build configuration list for PBXProject "timerr" */ = {
			isa = XCConfigurationList;
			buildConfigurations = (
				BF19798922863D1F00C16159 /* Debug */,
				BF19798A22863D1F00C16159 /* Release */,
			);
			defaultConfigurationIsVisible = 0;
			defaultConfigurationName = Release;
		};
		BF19798B22863D1F00C16159 /* Build configuration list for PBXNativeTarget "timerr" */ = {
			isa = XCConfigurationList;
			buildConfigurations = (
				BF19798C22863D1F00C16159 /* Debug */,
				BF19798D22863D1F00C16159 /* Release */,
			);
			defaultConfigurationIsVisible = 0;
			defaultConfigurationName = Release;
		};
/* End XCConfigurationList section */

/* Begin XCVersionGroup section */
		BF19798022863D1E00C16159 /* timerr.xcdatamodeld */ = {
			isa = XCVersionGroup;
			children = (
				BF19798122863D1E00C16159 /* timerr.xcdatamodel */,
			);
			currentVersion = BF19798122863D1E00C16159 /* timerr.xcdatamodel */;
			path = timerr.xcdatamodeld;
			sourceTree = "<group>";
			versionGroupType = wrapper.xcdatamodel;
		};
/* End XCVersionGroup section */
	};
	rootObject = BF19796E22863D1E00C16159 /* Project object */;
}
